
Microsoft Visual Studio Solution File, Format Version 12.00
# Visual Studio Version 17
VisualStudioVersion = 17.8.34309.116
MinimumVisualStudioVersion = 10.0.40219.1
Project("{FAE04EC0-301F-11D3-BF4B-00C04F79EFBC}") = "SimpleCalculatorWeblinux_UITests", "SimpleCalculatorWeblinux_UITests.csproj", "{CC70C078-64EB-480B-8367-FCBCED20E59C}"
EndProject
Global
	GlobalSection(SolutionConfigurationPlatforms) = preSolution
		Debug|Any CPU = Debug|Any CPU
		Release|Any CPU = Release|Any CPU
	EndGlobalSection
	GlobalSection(ProjectConfigurationPlatforms) = postSolution
		{CC70C078-64EB-480B-8367-FCBCED20E59C}.Debug|Any CPU.ActiveCfg = Debug|Any CPU
		{CC70C078-64EB-480B-8367-FCBCED20E59C}.Debug|Any CPU.Build.0 = Debug|Any CPU
		{CC70C078-64EB-480B-8367-FCBCED20E59C}.Release|Any CPU.ActiveCfg = Release|Any CPU
		{CC70C078-64EB-480B-8367-FCBCED20E59C}.Release|Any CPU.Build.0 = Release|Any CPU
	EndGlobalSection
	GlobalSection(SolutionProperties) = preSolution
		HideSolutionNode = FALSE
	EndGlobalSection
	GlobalSection(ExtensibilityGlobals) = postSolution
		SolutionGuid = {808653A7-01EC-4684-B58E-88E027144554}
	EndGlobalSection
EndGlobal
